
Microsoft Visual Studio Solution File, Format Version 12.00
# Visual Studio Version 16
VisualStudioVersion = 16.0.30717.126
MinimumVisualStudioVersion = 10.0.40219.1
Project("{FAE04EC0-301F-11D3-BF4B-00C04F79EFBC}") = "treeChallengeapi-01", "treeChallengeapi-01.csproj", "{3E4C1800-01A1-489F-A087-85A08EA25F49}"
EndProject
Global
	GlobalSection(SolutionConfigurationPlatforms) = preSolution
		Debug|Any CPU = Debug|Any CPU
		Release|Any CPU = Release|Any CPU
	EndGlobalSection
	GlobalSection(ProjectConfigurationPlatforms) = postSolution
		{3E4C1800-01A1-489F-A087-85A08EA25F49}.Debug|Any CPU.ActiveCfg = Debug|Any CPU
		{3E4C1800-01A1-489F-A087-85A08EA25F49}.Debug|Any CPU.Build.0 = Debug|Any CPU
		{3E4C1800-01A1-489F-A087-85A08EA25F49}.Release|Any CPU.ActiveCfg = Release|Any CPU
		{3E4C1800-01A1-489F-A087-85A08EA25F49}.Release|Any CPU.Build.0 = Release|Any CPU
	EndGlobalSection
	GlobalSection(SolutionProperties) = preSolution
		HideSolutionNode = FALSE
	EndGlobalSection
	GlobalSection(ExtensibilityGlobals) = postSolution
		SolutionGuid = {F3FC24C0-DF2F-464E-A103-FA8EAEE0E640}
	EndGlobalSection
EndGlobal
